
Microsoft Visual Studio Solution File, Format Version 12.00
# Visual Studio 15
VisualStudioVersion = 15.0.27703.2047
MinimumVisualStudioVersion = 10.0.40219.1
Project("{FAE04EC0-301F-11D3-BF4B-00C04F79EFBC}") = "PuzzSwap", "PuzzSwap\PuzzSwap.csproj", "{CD753795-0CB4-4F05-A0E7-2D2EFC968D82}"
EndProject
Project("{FAE04EC0-301F-11D3-BF4B-00C04F79EFBC}") = "QURO.AnimationLibrary", "QURO.AnimationLibrary\QURO.AnimationLibrary.csproj", "{69DADC27-FBEB-4625-9212-6EB5BED5102A}"
EndProject
Project("{FAE04EC0-301F-11D3-BF4B-00C04F79EFBC}") = "QURO", "QURO\QURO.csproj", "{4581E0C8-B14A-454D-9A7B-52D37535E7E9}"
EndProject
Project("{FAE04EC0-301F-11D3-BF4B-00C04F79EFBC}") = "SpriteMapEditor", "SpriteMapEditor\SpriteMapEditor.csproj", "{2AF6999F-93F0-4096-9BC1-863CEE5E7791}"
EndProject
Project("{FAE04EC0-301F-11D3-BF4B-00C04F79EFBC}") = "AnimationEditor", "AnimationEditor\AnimationEditor.csproj", "{01280C24-6439-4186-ABA3-5686A2B66C45}"
EndProject
Global
	GlobalSection(SolutionConfigurationPlatforms) = preSolution
		Debug|Any CPU = Debug|Any CPU
		Release|Any CPU = Release|Any CPU
	EndGlobalSection
	GlobalSection(ProjectConfigurationPlatforms) = postSolution
		{CD753795-0CB4-4F05-A0E7-2D2EFC968D82}.Debug|Any CPU.ActiveCfg = Debug|Any CPU
		{CD753795-0CB4-4F05-A0E7-2D2EFC968D82}.Debug|Any CPU.Build.0 = Debug|Any CPU
		{CD753795-0CB4-4F05-A0E7-2D2EFC968D82}.Release|Any CPU.ActiveCfg = Release|Any CPU
		{CD753795-0CB4-4F05-A0E7-2D2EFC968D82}.Release|Any CPU.Build.0 = Release|Any CPU
		{69DADC27-FBEB-4625-9212-6EB5BED5102A}.Debug|Any CPU.ActiveCfg = Debug|Any CPU
		{69DADC27-FBEB-4625-9212-6EB5BED5102A}.Debug|Any CPU.Build.0 = Debug|Any CPU
		{69DADC27-FBEB-4625-9212-6EB5BED5102A}.Release|Any CPU.ActiveCfg = Release|Any CPU
		{69DADC27-FBEB-4625-9212-6EB5BED5102A}.Release|Any CPU.Build.0 = Release|Any CPU
		{4581E0C8-B14A-454D-9A7B-52D37535E7E9}.Debug|Any CPU.ActiveCfg = Debug|Any CPU
		{4581E0C8-B14A-454D-9A7B-52D37535E7E9}.Debug|Any CPU.Build.0 = Debug|Any CPU
		{4581E0C8-B14A-454D-9A7B-52D37535E7E9}.Release|Any CPU.ActiveCfg = Release|Any CPU
		{4581E0C8-B14A-454D-9A7B-52D37535E7E9}.Release|Any CPU.Build.0 = Release|Any CPU
		{2AF6999F-93F0-4096-9BC1-863CEE5E7791}.Debug|Any CPU.ActiveCfg = Debug|Any CPU
		{2AF6999F-93F0-4096-9BC1-863CEE5E7791}.Debug|Any CPU.Build.0 = Debug|Any CPU
		{2AF6999F-93F0-4096-9BC1-863CEE5E7791}.Release|Any CPU.ActiveCfg = Release|Any CPU
		{2AF6999F-93F0-4096-9BC1-863CEE5E7791}.Release|Any CPU.Build.0 = Release|Any CPU
		{01280C24-6439-4186-ABA3-5686A2B66C45}.Debug|Any CPU.ActiveCfg = Debug|Any CPU
		{01280C24-6439-4186-ABA3-5686A2B66C45}.Debug|Any CPU.Build.0 = Debug|Any CPU
		{01280C24-6439-4186-ABA3-5686A2B66C45}.Release|Any CPU.ActiveCfg = Release|Any CPU
		{01280C24-6439-4186-ABA3-5686A2B66C45}.Release|Any CPU.Build.0 = Release|Any CPU
	EndGlobalSection
	GlobalSection(SolutionProperties) = preSolution
		HideSolutionNode = FALSE
	EndGlobalSection
	GlobalSection(ExtensibilityGlobals) = postSolution
		SolutionGuid = {F89EB45F-A644-4A89-8AD4-8011913CAD07}
	EndGlobalSection
EndGlobal
